PODS:
  - SYZMediator (0.1.1):
    - SYZMediator/source (= 0.1.1)
    - SYZUIBasekit
  - SYZMediator/source (0.1.1):
    - SYZUIBasekit
  - SYZMultipleUIKit (0.1.1):
    - SYZUIBasekit
  - SYZUIBasekit (0.1.5)

DEPENDENCIES:
  - SYZMediator (from `../`)
  - SYZMultipleUIKit

SPEC REPOS:
  https://github.com/cocoapods/specs.git:
    - SYZMultipleUIKit
    - SYZUIBasekit

EXTERNAL SOURCES:
  SYZMediator:
    :path: "../"

SPEC CHECKSUMS:
  SYZMediator: 99df8543696480a98819bed8949006c6e750c0bc
  SYZMultipleUIKit: 325abf7f066f163a652fd29c9d5dbb93a6bd862a
  SYZUIBasekit: 6dcac91cfccc81f9377a3f8fa08de55da069e754

PODFILE CHECKSUM: 5410ec468801d73f5cfd929e9bad3234d298437e

COCOAPODS: 1.6.1
